
Microsoft Visual Studio Solution File, Format Version 12.00
# Visual Studio Version 16
VisualStudioVersion = 16.0.33801.447
MinimumVisualStudioVersion = 10.0.40219.1
Project("{9A19103F-16F7-4668-BE54-9A1E7A4F7556}") = "PWPROVA", "PWPROVA\PWPROVA.csproj", "{A401125C-1192-4310-9820-CC8850738FF5}"
EndProject
Global
	GlobalSection(SolutionConfigurationPlatforms) = preSolution
		Debug|Any CPU = Debug|Any CPU
		Release|Any CPU = Release|Any CPU
	EndGlobalSection
	GlobalSection(ProjectConfigurationPlatforms) = postSolution
		{A401125C-1192-4310-9820-CC8850738FF5}.Debug|Any CPU.ActiveCfg = Debug|Any CPU
		{A401125C-1192-4310-9820-CC8850738FF5}.Debug|Any CPU.Build.0 = Debug|Any CPU
		{A401125C-1192-4310-9820-CC8850738FF5}.Release|Any CPU.ActiveCfg = Release|Any CPU
		{A401125C-1192-4310-9820-CC8850738FF5}.Release|Any CPU.Build.0 = Release|Any CPU
	EndGlobalSection
	GlobalSection(SolutionProperties) = preSolution
		HideSolutionNode = FALSE
	EndGlobalSection
	GlobalSection(ExtensibilityGlobals) = postSolution
		SolutionGuid = {35CAFD31-36B4-483C-A643-7CE5359FF5C8}
	EndGlobalSection
EndGlobal
